// !$*UTF8*$!
{
	archiveVersion = 1;
	classes = {
	};
	objectVersion = 48;
	objects = {

/* Begin PBXBuildFile section */
		68FBFB7920118D6C005ECB8D /* AppDelegate.swift in Sources */ = {isa = PBXBuildFile; fileRef = 68FBFB7820118D6C005ECB8D /* AppDelegate.swift */; };
		68FBFB7B20118D6C005ECB8D /* ViewController.swift in Sources */ = {isa = PBXBuildFile; fileRef = 68FBFB7A20118D6C005ECB8D /* ViewController.swift */; };
		68FBFB7E20118D6C005ECB8D /* Main.storyboard in Resources */ = {isa = PBXBuildFile; fileRef = 68FBFB7C20118D6C005ECB8D /* Main.storyboard */; };
		68FBFB8020118D6C005ECB8D /* Assets.xcassets in Resources */ = {isa = PBXBuildFile; fileRef = 68FBFB7F20118D6C005ECB8D /* Assets.xcassets */; };
		68FBFB8320118D6C005ECB8D /* LaunchScreen.storyboard in Resources */ = {isa = PBXBuildFile; fileRef = 68FBFB8120118D6C005ECB8D /* LaunchScreen.storyboard */; };
/* End PBXBuildFile section */

/* Begin PBXFileReference section */
		68FBFB7520118D6C005ECB8D /* sampleProgramTable.app */ = {isa = PBXFileReference; explicitFileType = wrapper.application; includeInIndex = 0; path = sampleProgramTable.app; sourceTree = BUILT_PRODUCTS_DIR; };
		68FBFB7820118D6C005ECB8D /* AppDelegate.swift */ = {isa = PBXFileReference; lastKnownFileType = sourcecode.swift; path = AppDelegate.swift; sourceTree = "<group>"; };
		68FBFB7A20118D6C005ECB8D /* ViewController.swift */ = {isa = PBXFileReference; lastKnownFileType = sourcecode.swift; path = ViewController.swift; sourceTree = "<group>"; };
		68FBFB7D20118D6C005ECB8D /* Base */ = {isa = PBXFileReference; lastKnownFileType = file.storyboard; name = Base; path = Base.lproj/Main.storyboard; sourceTree = "<group>"; };
		68FBFB7F20118D6C005ECB8D /* Assets.xcassets */ = {isa = PBXFileReference; lastKnownFileType = folder.assetcatalog; path = Assets.xcassets; sourceTree = "<group>"; };
		68FBFB8220118D6C005ECB8D /* Base */ = {isa = PBXFileReference; lastKnownFileType = file.storyboard; name = Base; path = Base.lproj/LaunchScreen.storyboard; sourceTree = "<group>"; };
		68FBFB8420118D6C005ECB8D /* Info.plist */ = {isa = PBXFileReference; lastKnownFileType = text.plist.xml; path = Info.plist; sourceTree = "<group>"; };
/* End PBXFileReference section */

/* Begin PBXFrameworksBuildPhase section */
		68FBFB7220118D6C005ECB8D /* Frameworks */ = {
			isa = PBXFrameworksBuildPhase;
			buildActionMask = 2147483647;
			files = (
			);
			runOnlyForDeploymentPostprocessing = 0;
		};
/* End PBXFrameworksBuildPhase section */

/* Begin PBXGroup section */
		68FBFB6C20118D6C005ECB8D = {
			isa = PBXGroup;
			children = (
				68FBFB7720118D6C005ECB8D /* sampleProgramTable */,
				68FBFB7620118D6C005ECB8D /* Products */,
			);
			sourceTree = "<group>";
		};
		68FBFB7620118D6C005ECB8D /* Products */ = {
			isa = PBXGroup;
			children = (
				68FBFB7520118D6C005ECB8D /* sampleProgramTable.app */,
			);
			name = Products;
			sourceTree = "<group>";
		};
		68FBFB7720118D6C005ECB8D /* sampleProgramTable */ = {
			isa = PBXGroup;
			children = (
				68FBFB7820118D6C005ECB8D /* AppDelegate.swift */,
				68FBFB7A20118D6C005ECB8D /* ViewController.swift */,
				68FBFB7C20118D6C005ECB8D /* Main.storyboard */,
				68FBFB7F20118D6C005ECB8D /* Assets.xcassets */,
				68FBFB8120118D6C005ECB8D /* LaunchScreen.storyboard */,
				68FBFB8420118D6C005ECB8D /* Info.plist */,
			);
			path = sampleProgramTable;
			sourceTree = "<group>";
		};
/* End PBXGroup section */

/* Begin PBXNativeTarget section */
		68FBFB7420118D6C005ECB8D /* sampleProgramTable */ = {
			isa = PBXNativeTarget;
			buildConfigurationList = 68FBFB8720118D6C005ECB8D /* Build configuration list for PBXNativeTarget "sampleProgramTable" */;
			buildPhases = (
				68FBFB7120118D6C005ECB8D /* Sources */,
				68FBFB7220118D6C005ECB8D /* Frameworks */,
				68FBFB7320118D6C005ECB8D /* Resources */,
			);
			buildRules = (
			);
			dependencies = (
			);
			name = sampleProgramTable;
			productName = sampleProgramTable;
			productReference = 68FBFB7520118D6C005ECB8D /* sampleProgramTable.app */;
			productType = "com.apple.product-type.application";
		};
/* End PBXNativeTarget section */

/* Begin PBXProject section */
		68FBFB6D20118D6C005ECB8D /* Project object */ = {
			isa = PBXProject;
			attributes = {
				LastSwiftUpdateCheck = 0920;
				LastUpgradeCheck = 0920;
				ORGANIZATIONNAME = "今川博司";
				TargetAttributes = {
					68FBFB7420118D6C005ECB8D = {
						CreatedOnToolsVersion = 9.2;
						ProvisioningStyle = Automatic;
					};
				};
			};
			buildConfigurationList = 68FBFB7020118D6C005ECB8D /* Build configuration list for PBXProject "sampleProgramTable" */;
			compatibilityVersion = "Xcode 8.0";
			developmentRegion = en;
			hasScannedForEncodings = 0;
			knownRegions = (
				en,
				Base,
			);
			mainGroup = 68FBFB6C20118D6C005ECB8D;
			productRefGroup = 68FBFB7620118D6C005ECB8D /* Products */;
			projectDirPath = "";
			projectRoot = "";
			targets = (
				68FBFB7420118D6C005ECB8D /* sampleProgramTable */,
			);
		};
/* End PBXProject section */

/* Begin PBXResourcesBuildPhase section */
		68FBFB7320118D6C005ECB8D /* Resources */ = {
			isa = PBXResourcesBuildPhase;
			buildActionMask = 2147483647;
			files = (
				68FBFB8320118D6C005ECB8D /* LaunchScreen.storyboard in Resources */,
				68FBFB8020118D6C005ECB8D /* Assets.xcassets in Resources */,
				68FBFB7E20118D6C005ECB8D /* Main.storyboard in Resources */,
			);
			runOnlyForDeploymentPostprocessing = 0;
		};
/* End PBXResourcesBuildPhase section */

/* Begin PBXSourcesBuildPhase section */
		68FBFB7120118D6C005ECB8D /* Sources */ = {
			isa = PBXSourcesBuildPhase;
			buildActionMask = 2147483647;
			files = (
				68FBFB7B20118D6C005ECB8D /* ViewController.swift in Sources */,
				68FBFB7920118D6C005ECB8D /* AppDelegate.swift in Sources */,
			);
			runOnlyForDeploymentPostprocessing = 0;
		};
/* End PBXSourcesBuildPhase section */

/* Begin PBXVariantGroup section */
		68FBFB7C20118D6C005ECB8D /* Main.storyboard */ = {
			isa = PBXVariantGroup;
			children = (
				68FBFB7D20118D6C005ECB8D /* Base */,
			);
			name = Main.storyboard;
			sourceTree = "<group>";
		};
		68FBFB8120118D6C005ECB8D /* LaunchScreen.storyboard */ = {
			isa = PBXVariantGroup;
			children = (
				68FBFB8220118D6C005ECB8D /* Base */,
			);
			name = LaunchScreen.storyboard;
			sourceTree = "<group>";
		};
/* End PBXVariantGroup section */

/* Begin XCBuildConfiguration section */
		68FBFB8520118D6C005ECB8D /* Debug */ = {
			isa = XCBuildConfiguration;
			buildSettings = {
				ALWAYS_SEARCH_USER_PATHS = NO;
				CLANG_ANALYZER_NONNULL = YES;
				CLANG_ANALYZER_NUMBER_OBJECT_CONVERSION = YES_AGGRESSIVE;
				CLANG_CXX_LANGUAGE_STANDARD = "gnu++14";
				CLANG_CXX_LIBRARY = "libc++";
				CLANG_ENABLE_MODULES = YES;
				CLANG_ENABLE_OBJC_ARC = YES;
				CLANG_WARN_BLOCK_CAPTURE_AUTORELEASING = YES;
				CLANG_WARN_BOOL_CONVERSION = YES;
				CLANG_WARN_COMMA = YES;
				CLANG_WARN_CONSTANT_CONVERSION = YES;
				CLANG_WARN_DIRECT_OBJC_ISA_USAGE = YES_ERROR;
				CLANG_WARN_DOCUMENTATION_COMMENTS = YES;
				CLANG_WARN_EMPTY_BODY = YES;
				CLANG_WARN_ENUM_CONVERSION = YES;
				CLANG_WARN_INFINITE_RECURSION = YES;
				CLANG_WARN_INT_CONVERSION = YES;
				CLANG_WARN_NON_LITERAL_NULL_CONVERSION = YES;
				CLANG_WARN_OBJC_LITERAL_CONVERSION = YES;
				CLANG_WARN_OBJC_ROOT_CLASS = YES_ERROR;
				CLANG_WARN_RANGE_LOOP_ANALYSIS = YES;
				CLANG_WARN_STRICT_PROTOTYPES = YES;
				CLANG_WARN_SUSPICIOUS_MOVE = YES;
				CLANG_WARN_UNGUARDED_AVAILABILITY = YES_AGGRESSIVE;
				CLANG_WARN_UNREACHABLE_CODE = YES;
				CLANG_WARN__DUPLICATE_METHOD_MATCH = YES;
				CODE_SIGN_IDENTITY = "iPhone Developer";
				COPY_PHASE_STRIP = NO;
				DEBUG_INFORMATION_FORMAT = dwarf;
				ENABLE_STRICT_OBJC_MSGSEND = YES;
				ENABLE_TESTABILITY = YES;
				GCC_C_LANGUAGE_STANDARD = gnu11;
				GCC_DYNAMIC_NO_PIC = NO;
				GCC_NO_COMMON_BLOCKS = YES;
				GCC_OPTIMIZATION_LEVEL = 0;
				GCC_PREPROCESSOR_DEFINITIONS = (
					"DEBUG=1",
					"$(inherited)",
				);
				GCC_WARN_64_TO_32_BIT_CONVERSION = YES;
				GCC_WARN_ABOUT_RETURN_TYPE = YES_ERROR;
				GCC_WARN_UNDECLARED_SELECTOR = YES;
				GCC_WARN_UNINITIALIZED_AUTOS = YES_AGGRESSIVE;
				GCC_WARN_UNUSED_FUNCTION = YES;
				GCC_WARN_UNUSED_VARIABLE = YES;
				IPHONEOS_DEPLOYMENT_TARGET = 11.2;
				MTL_ENABLE_DEBUG_INFO = YES;
				ONLY_ACTIVE_ARCH = YES;
				SDKROOT = iphoneos;
				SWIFT_ACTIVE_COMPILATION_CONDITIONS = DEBUG;
				SWIFT_OPTIMIZATION_LEVEL = "-Onone";
			};
			name = Debug;
		};
		68FBFB8620118D6C005ECB8D /* Release */ = {
			isa = XCBuildConfiguration;
			buildSettings = {
				ALWAYS_SEARCH_USER_PATHS = NO;
				CLANG_ANALYZER_NONNULL = YES;
				CLANG_ANALYZER_NUMBER_OBJECT_CONVERSION = YES_AGGRESSIVE;
				CLANG_CXX_LANGUAGE_STANDARD = "gnu++14";
				CLANG_CXX_LIBRARY = "libc++";
				CLANG_ENABLE_MODULES = YES;
				CLANG_ENABLE_OBJC_ARC = YES;
				CLANG_WARN_BLOCK_CAPTURE_AUTORELEASING = YES;
				CLANG_WARN_BOOL_CONVERSION = YES;
				CLANG_WARN_COMMA = YES;
				CLANG_WARN_CONSTANT_CONVERSION = YES;
				CLANG_WARN_DIRECT_OBJC_ISA_USAGE = YES_ERROR;
				CLANG_WARN_DOCUMENTATION_COMMENTS = YES;
				CLANG_WARN_EMPTY_BODY = YES;
				CLANG_WARN_ENUM_CONVERSION = YES;
				CLANG_WARN_INFINITE_RECURSION = YES;
				CLANG_WARN_INT_CONVERSION = YES;
				CLANG_WARN_NON_LITERAL_NULL_CONVERSION = YES;
				CLANG_WARN_OBJC_LITERAL_CONVERSION = YES;
				CLANG_WARN_OBJC_ROOT_CLASS = YES_ERROR;
				CLANG_WARN_RANGE_LOOP_ANALYSIS = YES;
				CLANG_WARN_STRICT_PROTOTYPES = YES;
				CLANG_WARN_SUSPICIOUS_MOVE = YES;
				CLANG_WARN_UNGUARDED_AVAILABILITY = YES_AGGRESSIVE;
				CLANG_WARN_UNREACHABLE_CODE = YES;
				CLANG_WARN__DUPLICATE_METHOD_MATCH = YES;
				CODE_SIGN_IDENTITY = "iPhone Developer";
				COPY_PHASE_STRIP = NO;
				DEBUG_INFORMATION_FORMAT = "dwarf-with-dsym";
				ENABLE_NS_ASSERTIONS = NO;
				ENABLE_STRICT_OBJC_MSGSEND = YES;
				GCC_C_LANGUAGE_STANDARD = gnu11;
				GCC_NO_COMMON_BLOCKS = YES;
				GCC_WARN_64_TO_32_BIT_CONVERSION = YES;
				GCC_WARN_ABOUT_RETURN_TYPE = YES_ERROR;
				GCC_WARN_UNDECLARED_SELECTOR = YES;
				GCC_WARN_UNINITIALIZED_AUTOS = YES_AGGRESSIVE;
				GCC_WARN_UNUSED_FUNCTION = YES;
				GCC_WARN_UNUSED_VARIABLE = YES;
				IPHONEOS_DEPLOYMENT_TARGET = 11.2;
				MTL_ENABLE_DEBUG_INFO = NO;
				SDKROOT = iphoneos;
				SWIFT_OPTIMIZATION_LEVEL = "-Owholemodule";
				VALIDATE_PRODUCT = YES;
			};
			name = Release;
		};
		68FBFB8820118D6C005ECB8D /* Debug */ = {
			isa = XCBuildConfiguration;
			buildSettings = {
				ASSETCATALOG_COMPILER_APPICON_NAME = AppIcon;
				CODE_SIGN_STYLE = Automatic;
				INFOPLIST_FILE = sampleProgramTable/Info.plist;
				LD_RUNPATH_SEARCH_PATHS = "$(inherited) @executable_path/Frameworks";
				PRODUCT_BUNDLE_IDENTIFIER = com.ima.sampleProgramTable;
				PRODUCT_NAME = "$(TARGET_NAME)";
				SWIFT_VERSION = 4.0;
				TARGETED_DEVICE_FAMILY = "1,2";
			};
			name = Debug;
		};
		68FBFB8920118D6C005ECB8D /* Release */ = {
			isa = XCBuildConfiguration;
			buildSettings = {
				ASSETCATALOG_COMPILER_APPICON_NAME = AppIcon;
				CODE_SIGN_STYLE = Automatic;
				INFOPLIST_FILE = sampleProgramTable/Info.plist;
				LD_RUNPATH_SEARCH_PATHS = "$(inherited) @executable_path/Frameworks";
				PRODUCT_BUNDLE_IDENTIFIER = com.ima.sampleProgramTable;
				PRODUCT_NAME = "$(TARGET_NAME)";
				SWIFT_VERSION = 4.0;
				TARGETED_DEVICE_FAMILY = "1,2";
			};
			name = Release;
		};
/* End XCBuildConfiguration section */

/* Begin XCConfigurationList section */
		68FBFB7020118D6C005ECB8D /* Build configuration list for PBXProject "sampleProgramTable" */ = {
			isa = XCConfigurationList;
			buildConfigurations = (
				68FBFB8520118D6C005ECB8D /* Debug */,
				68FBFB8620118D6C005ECB8D /* Release */,
			);
			defaultConfigurationIsVisible = 0;
			defaultConfigurationName = Release;
		};
		68FBFB8720118D6C005ECB8D /* Build configuration list for PBXNativeTarget "sampleProgramTable" */ = {
			isa = XCConfigurationList;
			buildConfigurations = (
				68FBFB8820118D6C005ECB8D /* Debug */,
				68FBFB8920118D6C005ECB8D /* Release */,
			);
			defaultConfigurationIsVisible = 0;
			defaultConfigurationName = Release;
		};
/* End XCConfigurationList section */
	};
	rootObject = 68FBFB6D20118D6C005ECB8D /* Project object */;
}
